# This file is autogenerated, do not edit; changes may be undone by the next 'dep ensure'.


[[projects]]
  name = "github.com/go-sql-driver/mysql"
  packages = ["."]
  revision = "a0583e0143b1624142adab07e0e97fe106d99561"
  version = "v1.3"

[[projects]]
  branch = "master"
  name = "github.com/jmoiron/sqlx"
  packages = [
    ".",
    "reflectx"
  ]
  revision = "2aeb6a910c2b94f2d5eb53d9895d80e27264ec41"

[[projects]]
  name = "github.com/pkg/errors"
  packages = ["."]
  revision = "645ef00459ed84a119197bfb8d8205042c6df63d"
  version = "v0.8.0"

[[projects]]
  name = "github.com/sirupsen/logrus"
  packages = ["."]
  revision = "c155da19408a8799da419ed3eeb0cb5db0ad5dbc"
  version = "v1.0.5"

[[projects]]
  branch = "master"
  name = "golang.org/x/crypto"
  packages = ["ssh/terminal"]
  revision = "d6449816ce06963d9d136eee5a56fca5b0616e7e"

[[projects]]
  branch = "master"
  name = "golang.org/x/sys"
  packages = [
    "unix",
    "windows"
  ]
  revision = "b126b21c05a91c856b027c16779c12e3bf236954"

[solve-meta]
  analyzer-name = "dep"
  analyzer-version = 1
  inputs-digest = "bd06e9b5cdcf9aff0e25cd36b5b00fe4b8872c03320f29195cd8d02aad3c8b04"
  solver-name = "gps-cdcl"
  solver-version = 1
